PODS:
  - Capacitor (7.4.3):
    - CapacitorCordova
  - CapacitorApp (7.1.0):
    - Capacitor
  - CapacitorCommunityAdmob (7.0.3):
    - Capacitor
    - Google-Mobile-Ads-SDK (= 11.3.0)
    - GoogleUserMessagingPlatform (< 3.0.0, >= 2.7.0)
  - CapacitorCommunityMedia (8.0.1):
    - Capacitor
    - SDWebImage
  - CapacitorCordova (7.4.3)
  - CapacitorNetwork (7.0.2):
    - Capacitor
  - CapacitorStatusBar (7.0.3):
    - Capacitor
  - Google-Mobile-Ads-SDK (11.3.0):
    - GoogleUserMessagingPlatform (>= 1.1)
  - GoogleUserMessagingPlatform (2.7.0)
  - PurchasesHybridCommon (17.8.0):
    - RevenueCat (= 5.40.0)
  - RevenueCat (5.40.0)
  - RevenuecatPurchasesCapacitor (11.2.3):
    - Capacitor
    - PurchasesHybridCommon (= 17.8.0)
  - SDWebImage (5.21.2):
    - SDWebImage/Core (= 5.21.2)
  - SDWebImage/Core (5.21.2)

DEPENDENCIES:
  - "Capacitor (from `../../node_modules/@capacitor/ios`)"
  - "CapacitorApp (from `../../node_modules/@capacitor/app`)"
  - "CapacitorCommunityAdmob (from `../../node_modules/@capacitor-community/admob`)"
  - "CapacitorCommunityMedia (from `../../node_modules/@capacitor-community/media`)"
  - "CapacitorCordova (from `../../node_modules/@capacitor/ios`)"
  - "CapacitorNetwork (from `../../node_modules/@capacitor/network`)"
  - "CapacitorStatusBar (from `../../node_modules/@capacitor/status-bar`)"
  - "RevenuecatPurchasesCapacitor (from `../../node_modules/@revenuecat/purchases-capacitor`)"

SPEC REPOS:
  trunk:
    - Google-Mobile-Ads-SDK
    - GoogleUserMessagingPlatform
    - PurchasesHybridCommon
    - RevenueCat
    - SDWebImage

EXTERNAL SOURCES:
  Capacitor:
    :path: "../../node_modules/@capacitor/ios"
  CapacitorApp:
    :path: "../../node_modules/@capacitor/app"
  CapacitorCommunityAdmob:
    :path: "../../node_modules/@capacitor-community/admob"
  CapacitorCommunityMedia:
    :path: "../../node_modules/@capacitor-community/media"
  CapacitorCordova:
    :path: "../../node_modules/@capacitor/ios"
  CapacitorNetwork:
    :path: "../../node_modules/@capacitor/network"
  CapacitorStatusBar:
    :path: "../../node_modules/@capacitor/status-bar"
  RevenuecatPurchasesCapacitor:
    :path: "../../node_modules/@revenuecat/purchases-capacitor"

SPEC CHECKSUMS:
  Capacitor: 28d6c01026a9a3f7156529498ec1f389a2a28dbc
  CapacitorApp: 26587c2ce485d88ddb39adb21cac64f8e481afe3
  CapacitorCommunityAdmob: 310beff216a3470b2c85b1fccd99d2a6815e1ef7
  CapacitorCommunityMedia: d1538b56a3303298e7cf45a18b11e624fbcbdc8e
  CapacitorCordova: 435121e81a2df4d0034f0fb11fcefab5104cfdb5
  CapacitorNetwork: 695069886b3c5ed514db69aa3d026b8dc3c03a6b
  CapacitorStatusBar: 0659ddc7b1713764a05831463d215b177a15d054
  Google-Mobile-Ads-SDK: 301a16c461c331ba34ff4dab40a22ab7c147af61
  GoogleUserMessagingPlatform: a8b56893477f67212fbc8411c139e61d463349f5
  PurchasesHybridCommon: fad1084d9781388e181c8b855caf7a5853cebcb3
  RevenueCat: 02c8d0082d3373bcbc831faa600943d6ba6cad6e
  RevenuecatPurchasesCapacitor: 886039ffdb6fcbc28d0a3bb9b616bd7f2f5246ec
  SDWebImage: 9f177d83116802728e122410fb25ad88f5c7608a

PODFILE CHECKSUM: 6e7917ab78513b9a7c48062b3896cfcaf12f0be3

COCOAPODS: 1.16.2
